version = 1
revision = 2
requires-python = ">=3.13"

[[package]]
name = "metapensiero-pj"
version = "0.1.0"
source = { virtual = "." }
dependencies = [
    { name = "pyhumps" },
]

[package.metadata]
requires-dist = [{ name = "pyhumps", specifier = ">=3.8.0" }]

[[package]]
name = "pyhumps"
version = "3.8.0"
source = { registry = "https://pypi.org/simple" }
sdist = { url = "https://files.pythonhosted.org/packages/c4/83/fa6f8fb7accb21f39e8f2b6a18f76f6d90626bdb0a5e5448e5cc9b8ab014/pyhumps-3.8.0.tar.gz", hash = "sha256:498026258f7ee1a8e447c2e28526c0bea9407f9a59c03260aee4bd6c04d681a3", size = 9018, upload-time = "2022-10-21T10:38:59.496Z" }
wheels = [
    { url = "https://files.pythonhosted.org/packages/9e/11/a1938340ecb32d71e47ad4914843775011e6e9da59ba1229f181fef3119e/pyhumps-3.8.0-py3-none-any.whl", hash = "sha256:060e1954d9069f428232a1adda165db0b9d8dfdce1d265d36df7fbff540acfd6", size = 6095, upload-time = "2022-10-21T10:38:58.231Z" },
]
